
Microsoft Visual Studio Solution File, Format Version 12.00
# Visual Studio Version 16
VisualStudioVersion = 16.0.31702.278
MinimumVisualStudioVersion = 10.0.40219.1
Project("{2150E333-8FDC-42A3-9474-1A3956D46DE8}") = "src", "src", "{7CAB8EC2-E6EF-4286-9AE6-FAAC8EB03DAE}"
EndProject
Project("{2150E333-8FDC-42A3-9474-1A3956D46DE8}") = "tests", "tests", "{868FCF03-5377-429D-9252-F248AF4D24CA}"
EndProject
Project("{9A19103F-16F7-4668-BE54-9A1E7A4F7556}") = "Winstanley.DapperUnitOfWork", "src\Winstanley.DapperUnitOfWork.csproj", "{0A9ABAE4-E42A-4E44-9F89-1E9740335227}"
EndProject
Project("{2150E333-8FDC-42A3-9474-1A3956D46DE8}") = "Solution Items", "Solution Items", "{2D2C394F-8F2F-418E-A891-2208B2CA1FC6}"
	ProjectSection(SolutionItems) = preProject
		LICENSE = LICENSE
		README.md = README.md
	EndProjectSection
EndProject
Global
	GlobalSection(SolutionConfigurationPlatforms) = preSolution
		Debug|Any CPU = Debug|Any CPU
		Release|Any CPU = Release|Any CPU
	EndGlobalSection
	GlobalSection(ProjectConfigurationPlatforms) = postSolution
		{0A9ABAE4-E42A-4E44-9F89-1E9740335227}.Debug|Any CPU.ActiveCfg = Debug|Any CPU
		{0A9ABAE4-E42A-4E44-9F89-1E9740335227}.Debug|Any CPU.Build.0 = Debug|Any CPU
		{0A9ABAE4-E42A-4E44-9F89-1E9740335227}.Release|Any CPU.ActiveCfg = Release|Any CPU
		{0A9ABAE4-E42A-4E44-9F89-1E9740335227}.Release|Any CPU.Build.0 = Release|Any CPU
	EndGlobalSection
	GlobalSection(SolutionProperties) = preSolution
		HideSolutionNode = FALSE
	EndGlobalSection
	GlobalSection(NestedProjects) = preSolution
		{0A9ABAE4-E42A-4E44-9F89-1E9740335227} = {7CAB8EC2-E6EF-4286-9AE6-FAAC8EB03DAE}
	EndGlobalSection
	GlobalSection(ExtensibilityGlobals) = postSolution
		SolutionGuid = {0F496D40-7F56-4CC8-92F9-79C920058BF4}
	EndGlobalSection
EndGlobal
